# THIS IS AN AUTOGENERATED FILE. DO NOT EDIT THIS FILE DIRECTLY.
# yarn lockfile v1


async@^3.1.0:
  version "3.2.0"
  resolved "https://registry.yarnpkg.com/async/-/async-3.2.0.tgz#b3a2685c5ebb641d3de02d161002c60fc9f85720"
  integrity sha512-TR2mEZFVOj2pLStYxLht7TyfuRzaydfpxr3k9RpHIzMgw7A64dzsdqCxH1WJyQdoe8T10nDXd9wnEigmiuHIZw==

domino@^2.1.6:
  version "2.1.6"
  resolved "https://registry.yarnpkg.com/domino/-/domino-2.1.6.tgz#fe4ace4310526e5e7b9d12c7de01b7f485a57ffe"
  integrity sha512-3VdM/SXBZX2omc9JF9nOPCtDaYQ67BGp5CoLpIQlO2KCAPETs8TcDHacF26jXadGbvUteZzRTeos2fhID5+ucQ==

he@1.2.0:
  version "1.2.0"
  resolved "https://registry.yarnpkg.com/he/-/he-1.2.0.tgz#84ae65fa7eafb165fddb61566ae14baf05664f0f"
  integrity sha512-F/1DnUGPopORZi0ni+CvrCgHQ5FyEAHRLSApuYWMmrbSwoN2Mn/7k+Gl38gJnR7yyDZk6WLXwiGod1JOWNDKGw==

"node-html-markdown@link:..":
  version "0.0.0"
  uid ""

node-html-parser@^1.4.2:
  version "1.4.9"
  resolved "https://registry.yarnpkg.com/node-html-parser/-/node-html-parser-1.4.9.tgz#3c8f6cac46479fae5800725edb532e9ae8fd816c"
  integrity sha512-UVcirFD1Bn0O+TSmloHeHqZZCxHjvtIeGdVdGMhyZ8/PWlEiZaZ5iJzR189yKZr8p0FXN58BUeC7RHRkf/KYGw==
  dependencies:
    he "1.2.0"

progress@^2.0.3:
  version "2.0.3"
  resolved "https://registry.yarnpkg.com/progress/-/progress-2.0.3.tgz#7e8cf8d8f5b8f239c1bc68beb4eb78567d572ef8"
  integrity sha512-7PiHtLll5LdnKIMw100I+8xJXR5gW2QwWYkT6iJva0bXitZKa/XMrSbdmg3r2Xnaidz9Qumd0VPaMrZlF9V9sA==

summary@^1.0.0:
  version "1.0.0"
  resolved "https://registry.yarnpkg.com/summary/-/summary-1.0.0.tgz#93993cc74d9f098918b6e526b83b99f307577b2a"
  integrity sha512-fyNhvzNcD/aZlTup636VitB7gtl/3EveoBgQ7+6JXE64OSAM58963ivTR+p35oGnyx8cckZ56/y5gWnDBElfdg==

turndown@^7.0.0:
  version "7.0.0"
  resolved "https://registry.yarnpkg.com/turndown/-/turndown-7.0.0.tgz#19b2a6a2d1d700387a1e07665414e4af4fec5225"
  integrity sha512-G1FfxfR0mUNMeGjszLYl3kxtopC4O9DRRiMlMDDVHvU1jaBkGFg4qxIyjIk2aiKLHyDyZvZyu4qBO2guuYBy3Q==
  dependencies:
    domino "^2.1.6"
